
Microsoft Visual Studio Solution File, Format Version 12.00
# Visual Studio Version 17
VisualStudioVersion = 17.6.33723.286
MinimumVisualStudioVersion = 10.0.40219.1
Project("{FAE04EC0-301F-11D3-BF4B-00C04F79EFBC}") = "FlickrNet.Core", "FlickrNet.Core\FlickrNet.Core.csproj", "{1BAA39CF-C511-4982-913A-401D535B254D}"
EndProject
Global
	GlobalSection(SolutionConfigurationPlatforms) = preSolution
		Debug|Any CPU = Debug|Any CPU
		Release|Any CPU = Release|Any CPU
	EndGlobalSection
	GlobalSection(ProjectConfigurationPlatforms) = postSolution
		{1BAA39CF-C511-4982-913A-401D535B254D}.Debug|Any CPU.ActiveCfg = Debug|Any CPU
		{1BAA39CF-C511-4982-913A-401D535B254D}.Debug|Any CPU.Build.0 = Debug|Any CPU
		{1BAA39CF-C511-4982-913A-401D535B254D}.Release|Any CPU.ActiveCfg = Release|Any CPU
		{1BAA39CF-C511-4982-913A-401D535B254D}.Release|Any CPU.Build.0 = Release|Any CPU
	EndGlobalSection
	GlobalSection(SolutionProperties) = preSolution
		HideSolutionNode = FALSE
	EndGlobalSection
	GlobalSection(ExtensibilityGlobals) = postSolution
		SolutionGuid = {8077A432-6E9C-4097-A468-1D6B7514E537}
	EndGlobalSection
EndGlobal
