
Microsoft Visual Studio Solution File, Format Version 12.00
# Visual Studio Version 17
VisualStudioVersion = 17.6.33723.286
MinimumVisualStudioVersion = 10.0.40219.1
Project("{2150E333-8FDC-42A3-9474-1A3956D46DE8}") = "Solution Items", "Solution Items", "{A59BAE84-70E2-46A0-9E26-7413C103E2D7}"
	ProjectSection(SolutionItems) = preProject
		..\.github\workflows\build-and-release.yml = ..\.github\workflows\build-and-release.yml
		..\.github\workflows\docs.yml = ..\.github\workflows\docs.yml
		..\LICENSE = ..\LICENSE
		..\README.md = ..\README.md
		global.json = global.json
	EndProjectSection
EndProject
Project("{FAE04EC0-301F-11D3-BF4B-00C04F79EFBC}") = "Flickr.Net", "Flickr.Net\Flickr.Net.csproj", "{D72B5050-6BF3-4E05-B51B-4ECDDC24FE12}"
EndProject
Project("{FAE04EC0-301F-11D3-BF4B-00C04F79EFBC}") = "Flickr.Net.Test", "Flickr.Net.Test\Flickr.Net.Test.csproj", "{CF772D1A-9C57-4FA7-BB93-66D8085AF681}"
EndProject
Project("{2150E333-8FDC-42A3-9474-1A3956D46DE8}") = "Props", "Props", "{CE494F77-02B6-469F-81A7-93D6C56AF62F}"
	ProjectSection(SolutionItems) = preProject
		Directory.Build.props = Directory.Build.props
		Directory.Packages.props = Directory.Packages.props
	EndProjectSection
EndProject
Global
	GlobalSection(SolutionConfigurationPlatforms) = preSolution
		Debug|Any CPU = Debug|Any CPU
		Release|Any CPU = Release|Any CPU
	EndGlobalSection
	GlobalSection(ProjectConfigurationPlatforms) = postSolution
		{D72B5050-6BF3-4E05-B51B-4ECDDC24FE12}.Debug|Any CPU.ActiveCfg = Debug|Any CPU
		{D72B5050-6BF3-4E05-B51B-4ECDDC24FE12}.Debug|Any CPU.Build.0 = Debug|Any CPU
		{D72B5050-6BF3-4E05-B51B-4ECDDC24FE12}.Release|Any CPU.ActiveCfg = Release|Any CPU
		{D72B5050-6BF3-4E05-B51B-4ECDDC24FE12}.Release|Any CPU.Build.0 = Release|Any CPU
		{CF772D1A-9C57-4FA7-BB93-66D8085AF681}.Debug|Any CPU.ActiveCfg = Debug|Any CPU
		{CF772D1A-9C57-4FA7-BB93-66D8085AF681}.Debug|Any CPU.Build.0 = Debug|Any CPU
		{CF772D1A-9C57-4FA7-BB93-66D8085AF681}.Release|Any CPU.ActiveCfg = Release|Any CPU
		{CF772D1A-9C57-4FA7-BB93-66D8085AF681}.Release|Any CPU.Build.0 = Release|Any CPU
	EndGlobalSection
	GlobalSection(SolutionProperties) = preSolution
		HideSolutionNode = FALSE
	EndGlobalSection
	GlobalSection(ExtensibilityGlobals) = postSolution
		SolutionGuid = {8077A432-6E9C-4097-A468-1D6B7514E537}
	EndGlobalSection
EndGlobal
